// !$*UTF8*$!
{
	archiveVersion = 1;
	classes = {
	};
	objectVersion = 48;
	objects = {

/* Begin PBXBuildFile section */
		FE0248BE1F782987006583E0 /* GoogleMobileAds.framework in Frameworks */ = {isa = PBXBuildFile; fileRef = FE0248BD1F782952006583E0 /* GoogleMobileAds.framework */; };
		FE0248BF1F7829F7006583E0 /* AppDelegate.swift in Sources */ = {isa = PBXBuildFile; fileRef = FE5D65A21F77ECF9007C7CAE /* AppDelegate.swift */; };
		FE45804F1F82D772001B9186 /* PurchaseManager.swift in Sources */ = {isa = PBXBuildFile; fileRef = FE45804E1F82D772001B9186 /* PurchaseManager.swift */; };
		FE5D65A51F77ECF9007C7CAE /* ViewController.swift in Sources */ = {isa = PBXBuildFile; fileRef = FE5D65A41F77ECF9007C7CAE /* ViewController.swift */; };
		FE5D65A81F77ECF9007C7CAE /* Main.storyboard in Resources */ = {isa = PBXBuildFile; fileRef = FE5D65A61F77ECF9007C7CAE /* Main.storyboard */; };
		FE5D65AA1F77ECF9007C7CAE /* Assets.xcassets in Resources */ = {isa = PBXBuildFile; fileRef = FE5D65A91F77ECF9007C7CAE /* Assets.xcassets */; };
		FE5D65AD1F77ECF9007C7CAE /* LaunchScreen.storyboard in Resources */ = {isa = PBXBuildFile; fileRef = FE5D65AB1F77ECF9007C7CAE /* LaunchScreen.storyboard */; };
		FE5D65B61F77EF9F007C7CAE /* StoreKit.framework in Frameworks */ = {isa = PBXBuildFile; fileRef = FE5D65B51F77EF9F007C7CAE /* StoreKit.framework */; };
/* End PBXBuildFile section */

/* Begin PBXFileReference section */
		FE0248BD1F782952006583E0 /* GoogleMobileAds.framework */ = {isa = PBXFileReference; lastKnownFileType = wrapper.framework; name = GoogleMobileAds.framework; path = "../../../../../../Downloads/GoogleMobileAdsSdkiOS-7.24.0/GoogleMobileAds.framework"; sourceTree = "<group>"; };
		FE45804E1F82D772001B9186 /* PurchaseManager.swift */ = {isa = PBXFileReference; lastKnownFileType = sourcecode.swift; path = PurchaseManager.swift; sourceTree = "<group>"; };
		FE5D659F1F77ECF9007C7CAE /* Daily Dose.app */ = {isa = PBXFileReference; explicitFileType = wrapper.application; includeInIndex = 0; path = "Daily Dose.app"; sourceTree = BUILT_PRODUCTS_DIR; };
		FE5D65A21F77ECF9007C7CAE /* AppDelegate.swift */ = {isa = PBXFileReference; lastKnownFileType = sourcecode.swift; path = AppDelegate.swift; sourceTree = "<group>"; };
		FE5D65A41F77ECF9007C7CAE /* ViewController.swift */ = {isa = PBXFileReference; lastKnownFileType = sourcecode.swift; path = ViewController.swift; sourceTree = "<group>"; };
		FE5D65A71F77ECF9007C7CAE /* Base */ = {isa = PBXFileReference; lastKnownFileType = file.storyboard; name = Base; path = Base.lproj/Main.storyboard; sourceTree = "<group>"; };
		FE5D65A91F77ECF9007C7CAE /* Assets.xcassets */ = {isa = PBXFileReference; lastKnownFileType = folder.assetcatalog; path = Assets.xcassets; sourceTree = "<group>"; };
		FE5D65AC1F77ECF9007C7CAE /* Base */ = {isa = PBXFileReference; lastKnownFileType = file.storyboard; name = Base; path = Base.lproj/LaunchScreen.storyboard; sourceTree = "<group>"; };
		FE5D65AE1F77ECF9007C7CAE /* Info.plist */ = {isa = PBXFileReference; lastKnownFileType = text.plist.xml; path = Info.plist; sourceTree = "<group>"; };
		FE5D65B51F77EF9F007C7CAE /* StoreKit.framework */ = {isa = PBXFileReference; lastKnownFileType = wrapper.framework; name = StoreKit.framework; path = System/Library/Frameworks/StoreKit.framework; sourceTree = SDKROOT; };
/* End PBXFileReference section */

/* Begin PBXFrameworksBuildPhase section */
		FE5D659C1F77ECF9007C7CAE /* Frameworks */ = {
			isa = PBXFrameworksBuildPhase;
			buildActionMask = 2147483647;
			files = (
				FE0248BE1F782987006583E0 /* GoogleMobileAds.framework in Frameworks */,
				FE5D65B61F77EF9F007C7CAE /* StoreKit.framework in Frameworks */,
			);
			runOnlyForDeploymentPostprocessing = 0;
		};
/* End PBXFrameworksBuildPhase section */

/* Begin PBXGroup section */
		FE5D65961F77ECF9007C7CAE = {
			isa = PBXGroup;
			children = (
				FE5D65A11F77ECF9007C7CAE /* Daily Dose */,
				FE5D65A01F77ECF9007C7CAE /* Products */,
				FE5D65B41F77EF9F007C7CAE /* Frameworks */,
			);
			sourceTree = "<group>";
		};
		FE5D65A01F77ECF9007C7CAE /* Products */ = {
			isa = PBXGroup;
			children = (
				FE5D659F1F77ECF9007C7CAE /* Daily Dose.app */,
			);
			name = Products;
			sourceTree = "<group>";
		};
		FE5D65A11F77ECF9007C7CAE /* Daily Dose */ = {
			isa = PBXGroup;
			children = (
				FE5D65BC1F782918007C7CAE /* Supporting */,
				FE5D65BB1F78287B007C7CAE /* Services */,
				FE5D65BA1F782873007C7CAE /* Utilities */,
				FE5D65B91F78286A007C7CAE /* Model */,
				FE5D65B81F782865007C7CAE /* View */,
				FE5D65B71F78285E007C7CAE /* Controller */,
				FE5D65A21F77ECF9007C7CAE /* AppDelegate.swift */,
				FE5D65A61F77ECF9007C7CAE /* Main.storyboard */,
				FE5D65A91F77ECF9007C7CAE /* Assets.xcassets */,
				FE5D65AB1F77ECF9007C7CAE /* LaunchScreen.storyboard */,
				FE5D65AE1F77ECF9007C7CAE /* Info.plist */,
			);
			path = "Daily Dose";
			sourceTree = "<group>";
		};
		FE5D65B41F77EF9F007C7CAE /* Frameworks */ = {
			isa = PBXGroup;
			children = (
				FE0248BD1F782952006583E0 /* GoogleMobileAds.framework */,
				FE5D65B51F77EF9F007C7CAE /* StoreKit.framework */,
			);
			name = Frameworks;
			sourceTree = "<group>";
		};
		FE5D65B71F78285E007C7CAE /* Controller */ = {
			isa = PBXGroup;
			children = (
				FE5D65A41F77ECF9007C7CAE /* ViewController.swift */,
			);
			path = Controller;
			sourceTree = "<group>";
		};
		FE5D65B81F782865007C7CAE /* View */ = {
			isa = PBXGroup;
			children = (
			);
			path = View;
			sourceTree = "<group>";
		};
		FE5D65B91F78286A007C7CAE /* Model */ = {
			isa = PBXGroup;
			children = (
			);
			path = Model;
			sourceTree = "<group>";
		};
		FE5D65BA1F782873007C7CAE /* Utilities */ = {
			isa = PBXGroup;
			children = (
			);
			path = Utilities;
			sourceTree = "<group>";
		};
		FE5D65BB1F78287B007C7CAE /* Services */ = {
			isa = PBXGroup;
			children = (
				FE45804E1F82D772001B9186 /* PurchaseManager.swift */,
			);
			path = Services;
			sourceTree = "<group>";
		};
		FE5D65BC1F782918007C7CAE /* Supporting */ = {
			isa = PBXGroup;
			children = (
			);
			path = Supporting;
			sourceTree = "<group>";
		};
/* End PBXGroup section */

/* Begin PBXNativeTarget section */
		FE5D659E1F77ECF9007C7CAE /* Daily Dose */ = {
			isa = PBXNativeTarget;
			buildConfigurationList = FE5D65B11F77ECF9007C7CAE /* Build configuration list for PBXNativeTarget "Daily Dose" */;
			buildPhases = (
				FE5D659B1F77ECF9007C7CAE /* Sources */,
				FE5D659C1F77ECF9007C7CAE /* Frameworks */,
				FE5D659D1F77ECF9007C7CAE /* Resources */,
			);
			buildRules = (
			);
			dependencies = (
			);
			name = "Daily Dose";
			productName = "Daily Dose";
			productReference = FE5D659F1F77ECF9007C7CAE /* Daily Dose.app */;
			productType = "com.apple.product-type.application";
		};
/* End PBXNativeTarget section */

/* Begin PBXProject section */
		FE5D65971F77ECF9007C7CAE /* Project object */ = {
			isa = PBXProject;
			attributes = {
				LastSwiftUpdateCheck = 0900;
				LastUpgradeCheck = 0900;
				ORGANIZATIONNAME = "Thomas Pickup";
				TargetAttributes = {
					FE5D659E1F77ECF9007C7CAE = {
						CreatedOnToolsVersion = 9.0;
						ProvisioningStyle = Automatic;
						SystemCapabilities = {
							com.apple.InAppPurchase = {
								enabled = 1;
							};
						};
					};
				};
			};
			buildConfigurationList = FE5D659A1F77ECF9007C7CAE /* Build configuration list for PBXProject "Daily Dose" */;
			compatibilityVersion = "Xcode 8.0";
			developmentRegion = en;
			hasScannedForEncodings = 0;
			knownRegions = (
				en,
				Base,
			);
			mainGroup = FE5D65961F77ECF9007C7CAE;
			productRefGroup = FE5D65A01F77ECF9007C7CAE /* Products */;
			projectDirPath = "";
			projectRoot = "";
			targets = (
				FE5D659E1F77ECF9007C7CAE /* Daily Dose */,
			);
		};
/* End PBXProject section */

/* Begin PBXResourcesBuildPhase section */
		FE5D659D1F77ECF9007C7CAE /* Resources */ = {
			isa = PBXResourcesBuildPhase;
			buildActionMask = 2147483647;
			files = (
				FE5D65AD1F77ECF9007C7CAE /* LaunchScreen.storyboard in Resources */,
				FE5D65AA1F77ECF9007C7CAE /* Assets.xcassets in Resources */,
				FE5D65A81F77ECF9007C7CAE /* Main.storyboard in Resources */,
			);
			runOnlyForDeploymentPostprocessing = 0;
		};
/* End PBXResourcesBuildPhase section */

/* Begin PBXSourcesBuildPhase section */
		FE5D659B1F77ECF9007C7CAE /* Sources */ = {
			isa = PBXSourcesBuildPhase;
			buildActionMask = 2147483647;
			files = (
				FE0248BF1F7829F7006583E0 /* AppDelegate.swift in Sources */,
				FE45804F1F82D772001B9186 /* PurchaseManager.swift in Sources */,
				FE5D65A51F77ECF9007C7CAE /* ViewController.swift in Sources */,
			);
			runOnlyForDeploymentPostprocessing = 0;
		};
/* End PBXSourcesBuildPhase section */

/* Begin PBXVariantGroup section */
		FE5D65A61F77ECF9007C7CAE /* Main.storyboard */ = {
			isa = PBXVariantGroup;
			children = (
				FE5D65A71F77ECF9007C7CAE /* Base */,
			);
			name = Main.storyboard;
			sourceTree = "<group>";
		};
		FE5D65AB1F77ECF9007C7CAE /* LaunchScreen.storyboard */ = {
			isa = PBXVariantGroup;
			children = (
				FE5D65AC1F77ECF9007C7CAE /* Base */,
			);
			name = LaunchScreen.storyboard;
			sourceTree = "<group>";
		};
/* End PBXVariantGroup section */

/* Begin XCBuildConfiguration section */
		FE5D65AF1F77ECF9007C7CAE /* Debug */ = {
			isa = XCBuildConfiguration;
			buildSettings = {
				ALWAYS_SEARCH_USER_PATHS = NO;
				CLANG_ANALYZER_NONNULL = YES;
				CLANG_ANALYZER_NUMBER_OBJECT_CONVERSION = YES_AGGRESSIVE;
				CLANG_CXX_LANGUAGE_STANDARD = "gnu++14";
				CLANG_CXX_LIBRARY = "libc++";
				CLANG_ENABLE_MODULES = YES;
				CLANG_ENABLE_OBJC_ARC = YES;
				CLANG_WARN_BLOCK_CAPTURE_AUTORELEASING = YES;
				CLANG_WARN_BOOL_CONVERSION = YES;
				CLANG_WARN_COMMA = YES;
				CLANG_WARN_CONSTANT_CONVERSION = YES;
				CLANG_WARN_DIRECT_OBJC_ISA_USAGE = YES_ERROR;
				CLANG_WARN_DOCUMENTATION_COMMENTS = YES;
				CLANG_WARN_EMPTY_BODY = YES;
				CLANG_WARN_ENUM_CONVERSION = YES;
				CLANG_WARN_INFINITE_RECURSION = YES;
				CLANG_WARN_INT_CONVERSION = YES;
				CLANG_WARN_NON_LITERAL_NULL_CONVERSION = YES;
				CLANG_WARN_OBJC_LITERAL_CONVERSION = YES;
				CLANG_WARN_OBJC_ROOT_CLASS = YES_ERROR;
				CLANG_WARN_RANGE_LOOP_ANALYSIS = YES;
				CLANG_WARN_STRICT_PROTOTYPES = YES;
				CLANG_WARN_SUSPICIOUS_MOVE = YES;
				CLANG_WARN_UNGUARDED_AVAILABILITY = YES_AGGRESSIVE;
				CLANG_WARN_UNREACHABLE_CODE = YES;
				CLANG_WARN__DUPLICATE_METHOD_MATCH = YES;
				CODE_SIGN_IDENTITY = "iPhone Developer";
				COPY_PHASE_STRIP = NO;
				DEBUG_INFORMATION_FORMAT = dwarf;
				ENABLE_STRICT_OBJC_MSGSEND = YES;
				ENABLE_TESTABILITY = YES;
				GCC_C_LANGUAGE_STANDARD = gnu11;
				GCC_DYNAMIC_NO_PIC = NO;
				GCC_NO_COMMON_BLOCKS = YES;
				GCC_OPTIMIZATION_LEVEL = 0;
				GCC_PREPROCESSOR_DEFINITIONS = (
					"DEBUG=1",
					"$(inherited)",
				);
				GCC_WARN_64_TO_32_BIT_CONVERSION = YES;
				GCC_WARN_ABOUT_RETURN_TYPE = YES_ERROR;
				GCC_WARN_UNDECLARED_SELECTOR = YES;
				GCC_WARN_UNINITIALIZED_AUTOS = YES_AGGRESSIVE;
				GCC_WARN_UNUSED_FUNCTION = YES;
				GCC_WARN_UNUSED_VARIABLE = YES;
				IPHONEOS_DEPLOYMENT_TARGET = 11.0;
				MTL_ENABLE_DEBUG_INFO = YES;
				ONLY_ACTIVE_ARCH = YES;
				SDKROOT = iphoneos;
				SWIFT_ACTIVE_COMPILATION_CONDITIONS = DEBUG;
				SWIFT_OPTIMIZATION_LEVEL = "-Onone";
			};
			name = Debug;
		};
		FE5D65B01F77ECF9007C7CAE /* Release */ = {
			isa = XCBuildConfiguration;
			buildSettings = {
				ALWAYS_SEARCH_USER_PATHS = NO;
				CLANG_ANALYZER_NONNULL = YES;
				CLANG_ANALYZER_NUMBER_OBJECT_CONVERSION = YES_AGGRESSIVE;
				CLANG_CXX_LANGUAGE_STANDARD = "gnu++14";
				CLANG_CXX_LIBRARY = "libc++";
				CLANG_ENABLE_MODULES = YES;
				CLANG_ENABLE_OBJC_ARC = YES;
				CLANG_WARN_BLOCK_CAPTURE_AUTORELEASING = YES;
				CLANG_WARN_BOOL_CONVERSION = YES;
				CLANG_WARN_COMMA = YES;
				CLANG_WARN_CONSTANT_CONVERSION = YES;
				CLANG_WARN_DIRECT_OBJC_ISA_USAGE = YES_ERROR;
				CLANG_WARN_DOCUMENTATION_COMMENTS = YES;
				CLANG_WARN_EMPTY_BODY = YES;
				CLANG_WARN_ENUM_CONVERSION = YES;
				CLANG_WARN_INFINITE_RECURSION = YES;
				CLANG_WARN_INT_CONVERSION = YES;
				CLANG_WARN_NON_LITERAL_NULL_CONVERSION = YES;
				CLANG_WARN_OBJC_LITERAL_CONVERSION = YES;
				CLANG_WARN_OBJC_ROOT_CLASS = YES_ERROR;
				CLANG_WARN_RANGE_LOOP_ANALYSIS = YES;
				CLANG_WARN_STRICT_PROTOTYPES = YES;
				CLANG_WARN_SUSPICIOUS_MOVE = YES;
				CLANG_WARN_UNGUARDED_AVAILABILITY = YES_AGGRESSIVE;
				CLANG_WARN_UNREACHABLE_CODE = YES;
				CLANG_WARN__DUPLICATE_METHOD_MATCH = YES;
				CODE_SIGN_IDENTITY = "iPhone Developer";
				COPY_PHASE_STRIP = NO;
				DEBUG_INFORMATION_FORMAT = "dwarf-with-dsym";
				ENABLE_NS_ASSERTIONS = NO;
				ENABLE_STRICT_OBJC_MSGSEND = YES;
				GCC_C_LANGUAGE_STANDARD = gnu11;
				GCC_NO_COMMON_BLOCKS = YES;
				GCC_WARN_64_TO_32_BIT_CONVERSION = YES;
				GCC_WARN_ABOUT_RETURN_TYPE = YES_ERROR;
				GCC_WARN_UNDECLARED_SELECTOR = YES;
				GCC_WARN_UNINITIALIZED_AUTOS = YES_AGGRESSIVE;
				GCC_WARN_UNUSED_FUNCTION = YES;
				GCC_WARN_UNUSED_VARIABLE = YES;
				IPHONEOS_DEPLOYMENT_TARGET = 11.0;
				MTL_ENABLE_DEBUG_INFO = NO;
				SDKROOT = iphoneos;
				SWIFT_OPTIMIZATION_LEVEL = "-Owholemodule";
				VALIDATE_PRODUCT = YES;
			};
			name = Release;
		};
		FE5D65B21F77ECF9007C7CAE /* Debug */ = {
			isa = XCBuildConfiguration;
			buildSettings = {
				ASSETCATALOG_COMPILER_APPICON_NAME = AppIcon;
				CODE_SIGN_STYLE = Automatic;
				DEVELOPMENT_TEAM = VEG7S4WYT5;
				ENABLE_BITCODE = NO;
				FRAMEWORK_SEARCH_PATHS = "$(PROJECT_DIR)";
				INFOPLIST_FILE = "Daily Dose/Info.plist";
				LD_RUNPATH_SEARCH_PATHS = "$(inherited) @executable_path/Frameworks";
				PRODUCT_BUNDLE_IDENTIFIER = "uk.co.thomaspickup.daily-dose";
				PRODUCT_NAME = "$(TARGET_NAME)";
				SWIFT_VERSION = 4.0;
				TARGETED_DEVICE_FAMILY = "1,2";
			};
			name = Debug;
		};
		FE5D65B31F77ECF9007C7CAE /* Release */ = {
			isa = XCBuildConfiguration;
			buildSettings = {
				ASSETCATALOG_COMPILER_APPICON_NAME = AppIcon;
				CODE_SIGN_STYLE = Automatic;
				DEVELOPMENT_TEAM = VEG7S4WYT5;
				ENABLE_BITCODE = NO;
				FRAMEWORK_SEARCH_PATHS = "$(PROJECT_DIR)";
				INFOPLIST_FILE = "Daily Dose/Info.plist";
				LD_RUNPATH_SEARCH_PATHS = "$(inherited) @executable_path/Frameworks";
				PRODUCT_BUNDLE_IDENTIFIER = "uk.co.thomaspickup.daily-dose";
				PRODUCT_NAME = "$(TARGET_NAME)";
				SWIFT_VERSION = 4.0;
				TARGETED_DEVICE_FAMILY = "1,2";
			};
			name = Release;
		};
/* End XCBuildConfiguration section */

/* Begin XCConfigurationList section */
		FE5D659A1F77ECF9007C7CAE /* Build configuration list for PBXProject "Daily Dose" */ = {
			isa = XCConfigurationList;
			buildConfigurations = (
				FE5D65AF1F77ECF9007C7CAE /* Debug */,
				FE5D65B01F77ECF9007C7CAE /* Release */,
			);
			defaultConfigurationIsVisible = 0;
			defaultConfigurationName = Release;
		};
		FE5D65B11F77ECF9007C7CAE /* Build configuration list for PBXNativeTarget "Daily Dose" */ = {
			isa = XCConfigurationList;
			buildConfigurations = (
				FE5D65B21F77ECF9007C7CAE /* Debug */,
				FE5D65B31F77ECF9007C7CAE /* Release */,
			);
			defaultConfigurationIsVisible = 0;
			defaultConfigurationName = Release;
		};
/* End XCConfigurationList section */
	};
	rootObject = FE5D65971F77ECF9007C7CAE /* Project object */;
}
