// !$*UTF8*$!
{
	archiveVersion = 1;
	classes = {
	};
	objectVersion = 48;
	objects = {

/* Begin PBXBuildFile section */
		63D23BEAA432CBCCBEB5871F /* Pods_Breakpoint.framework in Frameworks */ = {isa = PBXBuildFile; fileRef = 740046CF1145FB64E7BA6716 /* Pods_Breakpoint.framework */; };
		FE290AA41F96974E0093F4E2 /* vcLogin.swift in Sources */ = {isa = PBXBuildFile; fileRef = FE290AA31F96974E0093F4E2 /* vcLogin.swift */; };
		FE290AA61F9697690093F4E2 /* vcEmailSignIn.swift in Sources */ = {isa = PBXBuildFile; fileRef = FE290AA51F9697690093F4E2 /* vcEmailSignIn.swift */; };
		FE290AA81F96981F0093F4E2 /* InSetTextField.swift in Sources */ = {isa = PBXBuildFile; fileRef = FE290AA71F96981F0093F4E2 /* InSetTextField.swift */; };
		FE290AAA1F969BBE0093F4E2 /* ShadowView.swift in Sources */ = {isa = PBXBuildFile; fileRef = FE290AA91F969BBE0093F4E2 /* ShadowView.swift */; };
		FE290AAC1F9A9A670093F4E2 /* AuthService.swift in Sources */ = {isa = PBXBuildFile; fileRef = FE290AAB1F9A9A670093F4E2 /* AuthService.swift */; };
		FE76AE301F93C3120090356F /* AppDelegate.swift in Sources */ = {isa = PBXBuildFile; fileRef = FE76AE2F1F93C3120090356F /* AppDelegate.swift */; };
		FE76AE321F93C3120090356F /* vcFeed.swift in Sources */ = {isa = PBXBuildFile; fileRef = FE76AE311F93C3120090356F /* vcFeed.swift */; };
		FE76AE341F93C3120090356F /* vcGroups.swift in Sources */ = {isa = PBXBuildFile; fileRef = FE76AE331F93C3120090356F /* vcGroups.swift */; };
		FE76AE371F93C3120090356F /* Main.storyboard in Resources */ = {isa = PBXBuildFile; fileRef = FE76AE351F93C3120090356F /* Main.storyboard */; };
		FE76AE391F93C3120090356F /* Assets.xcassets in Resources */ = {isa = PBXBuildFile; fileRef = FE76AE381F93C3120090356F /* Assets.xcassets */; };
		FE76AE3C1F93C3120090356F /* LaunchScreen.storyboard in Resources */ = {isa = PBXBuildFile; fileRef = FE76AE3A1F93C3120090356F /* LaunchScreen.storyboard */; };
		FE76AE491F93C4F10090356F /* GoogleService-Info.plist in Resources */ = {isa = PBXBuildFile; fileRef = FE76AE481F93C4F10090356F /* GoogleService-Info.plist */; };
		FE76AE4B1F93F0B60090356F /* DataService.swift in Sources */ = {isa = PBXBuildFile; fileRef = FE76AE4A1F93F0B60090356F /* DataService.swift */; };
		FE8B0C8A1FA5E30900D1444E /* vcMe.swift in Sources */ = {isa = PBXBuildFile; fileRef = FE8B0C891FA5E30900D1444E /* vcMe.swift */; };
		FE8B0C8C1FA5F8AF00D1444E /* vcPost.swift in Sources */ = {isa = PBXBuildFile; fileRef = FE8B0C8B1FA5F8AF00D1444E /* vcPost.swift */; };
		FE8B0C8E1FA5FD3A00D1444E /* extUIView.swift in Sources */ = {isa = PBXBuildFile; fileRef = FE8B0C8D1FA5FD3A00D1444E /* extUIView.swift */; };
		FECE71481FA629EE007091CE /* FeedCell.swift in Sources */ = {isa = PBXBuildFile; fileRef = FECE71471FA629EE007091CE /* FeedCell.swift */; };
		FECE714A1FA62CE6007091CE /* Message.swift in Sources */ = {isa = PBXBuildFile; fileRef = FECE71491FA62CE6007091CE /* Message.swift */; };
		FECE714C1FA91232007091CE /* vcAddGroup.swift in Sources */ = {isa = PBXBuildFile; fileRef = FECE714B1FA91232007091CE /* vcAddGroup.swift */; };
		FECE714E1FA917F6007091CE /* UserCell.swift in Sources */ = {isa = PBXBuildFile; fileRef = FECE714D1FA917F6007091CE /* UserCell.swift */; };
		FECFD9A41FABC63100F62754 /* GroupCell.swift in Sources */ = {isa = PBXBuildFile; fileRef = FECFD9A31FABC63100F62754 /* GroupCell.swift */; };
/* End PBXBuildFile section */

/* Begin PBXFileReference section */
		740046CF1145FB64E7BA6716 /* Pods_Breakpoint.framework */ = {isa = PBXFileReference; explicitFileType = wrapper.framework; includeInIndex = 0; path = Pods_Breakpoint.framework; sourceTree = BUILT_PRODUCTS_DIR; };
		A7251A16C656E3D07E7304B1 /* Pods-Breakpoint.debug.xcconfig */ = {isa = PBXFileReference; includeInIndex = 1; lastKnownFileType = text.xcconfig; name = "Pods-Breakpoint.debug.xcconfig"; path = "Pods/Target Support Files/Pods-Breakpoint/Pods-Breakpoint.debug.xcconfig"; sourceTree = "<group>"; };
		C38C122C74A5AFDBFB42070C /* Pods-Breakpoint.release.xcconfig */ = {isa = PBXFileReference; includeInIndex = 1; lastKnownFileType = text.xcconfig; name = "Pods-Breakpoint.release.xcconfig"; path = "Pods/Target Support Files/Pods-Breakpoint/Pods-Breakpoint.release.xcconfig"; sourceTree = "<group>"; };
		FE290AA31F96974E0093F4E2 /* vcLogin.swift */ = {isa = PBXFileReference; lastKnownFileType = sourcecode.swift; path = vcLogin.swift; sourceTree = "<group>"; };
		FE290AA51F9697690093F4E2 /* vcEmailSignIn.swift */ = {isa = PBXFileReference; lastKnownFileType = sourcecode.swift; path = vcEmailSignIn.swift; sourceTree = "<group>"; };
		FE290AA71F96981F0093F4E2 /* InSetTextField.swift */ = {isa = PBXFileReference; lastKnownFileType = sourcecode.swift; path = InSetTextField.swift; sourceTree = "<group>"; };
		FE290AA91F969BBE0093F4E2 /* ShadowView.swift */ = {isa = PBXFileReference; lastKnownFileType = sourcecode.swift; path = ShadowView.swift; sourceTree = "<group>"; };
		FE290AAB1F9A9A670093F4E2 /* AuthService.swift */ = {isa = PBXFileReference; lastKnownFileType = sourcecode.swift; path = AuthService.swift; sourceTree = "<group>"; };
		FE76AE2C1F93C3120090356F /* Breakpoint.app */ = {isa = PBXFileReference; explicitFileType = wrapper.application; includeInIndex = 0; path = Breakpoint.app; sourceTree = BUILT_PRODUCTS_DIR; };
		FE76AE2F1F93C3120090356F /* AppDelegate.swift */ = {isa = PBXFileReference; lastKnownFileType = sourcecode.swift; path = AppDelegate.swift; sourceTree = "<group>"; };
		FE76AE311F93C3120090356F /* vcFeed.swift */ = {isa = PBXFileReference; lastKnownFileType = sourcecode.swift; path = vcFeed.swift; sourceTree = "<group>"; };
		FE76AE331F93C3120090356F /* vcGroups.swift */ = {isa = PBXFileReference; lastKnownFileType = sourcecode.swift; path = vcGroups.swift; sourceTree = "<group>"; };
		FE76AE361F93C3120090356F /* Base */ = {isa = PBXFileReference; lastKnownFileType = file.storyboard; name = Base; path = Base.lproj/Main.storyboard; sourceTree = "<group>"; };
		FE76AE381F93C3120090356F /* Assets.xcassets */ = {isa = PBXFileReference; lastKnownFileType = folder.assetcatalog; path = Assets.xcassets; sourceTree = "<group>"; };
		FE76AE3B1F93C3120090356F /* Base */ = {isa = PBXFileReference; lastKnownFileType = file.storyboard; name = Base; path = Base.lproj/LaunchScreen.storyboard; sourceTree = "<group>"; };
		FE76AE3D1F93C3120090356F /* Info.plist */ = {isa = PBXFileReference; lastKnownFileType = text.plist.xml; path = Info.plist; sourceTree = "<group>"; };
		FE76AE481F93C4F10090356F /* GoogleService-Info.plist */ = {isa = PBXFileReference; fileEncoding = 4; lastKnownFileType = text.plist.xml; path = "GoogleService-Info.plist"; sourceTree = "<group>"; };
		FE76AE4A1F93F0B60090356F /* DataService.swift */ = {isa = PBXFileReference; lastKnownFileType = sourcecode.swift; path = DataService.swift; sourceTree = "<group>"; };
		FE8B0C891FA5E30900D1444E /* vcMe.swift */ = {isa = PBXFileReference; lastKnownFileType = sourcecode.swift; path = vcMe.swift; sourceTree = "<group>"; };
		FE8B0C8B1FA5F8AF00D1444E /* vcPost.swift */ = {isa = PBXFileReference; lastKnownFileType = sourcecode.swift; path = vcPost.swift; sourceTree = "<group>"; };
		FE8B0C8D1FA5FD3A00D1444E /* extUIView.swift */ = {isa = PBXFileReference; lastKnownFileType = sourcecode.swift; path = extUIView.swift; sourceTree = "<group>"; };
		FECE71471FA629EE007091CE /* FeedCell.swift */ = {isa = PBXFileReference; lastKnownFileType = sourcecode.swift; path = FeedCell.swift; sourceTree = "<group>"; };
		FECE71491FA62CE6007091CE /* Message.swift */ = {isa = PBXFileReference; lastKnownFileType = sourcecode.swift; path = Message.swift; sourceTree = "<group>"; };
		FECE714B1FA91232007091CE /* vcAddGroup.swift */ = {isa = PBXFileReference; lastKnownFileType = sourcecode.swift; path = vcAddGroup.swift; sourceTree = "<group>"; };
		FECE714D1FA917F6007091CE /* UserCell.swift */ = {isa = PBXFileReference; lastKnownFileType = sourcecode.swift; path = UserCell.swift; sourceTree = "<group>"; };
		FECFD9A31FABC63100F62754 /* GroupCell.swift */ = {isa = PBXFileReference; lastKnownFileType = sourcecode.swift; path = GroupCell.swift; sourceTree = "<group>"; };
/* End PBXFileReference section */

/* Begin PBXFrameworksBuildPhase section */
		FE76AE291F93C3120090356F /* Frameworks */ = {
			isa = PBXFrameworksBuildPhase;
			buildActionMask = 2147483647;
			files = (
				63D23BEAA432CBCCBEB5871F /* Pods_Breakpoint.framework in Frameworks */,
			);
			runOnlyForDeploymentPostprocessing = 0;
		};
/* End PBXFrameworksBuildPhase section */

/* Begin PBXGroup section */
		A2C7DD2FA4A728EFE1F93185 /* Frameworks */ = {
			isa = PBXGroup;
			children = (
				740046CF1145FB64E7BA6716 /* Pods_Breakpoint.framework */,
			);
			name = Frameworks;
			sourceTree = "<group>";
		};
		BF40002E0E9A3F2570689665 /* Pods */ = {
			isa = PBXGroup;
			children = (
				A7251A16C656E3D07E7304B1 /* Pods-Breakpoint.debug.xcconfig */,
				C38C122C74A5AFDBFB42070C /* Pods-Breakpoint.release.xcconfig */,
			);
			name = Pods;
			sourceTree = "<group>";
		};
		FE76AE231F93C3120090356F = {
			isa = PBXGroup;
			children = (
				FE76AE2E1F93C3120090356F /* Breakpoint */,
				FE76AE2D1F93C3120090356F /* Products */,
				BF40002E0E9A3F2570689665 /* Pods */,
				A2C7DD2FA4A728EFE1F93185 /* Frameworks */,
			);
			sourceTree = "<group>";
		};
		FE76AE2D1F93C3120090356F /* Products */ = {
			isa = PBXGroup;
			children = (
				FE76AE2C1F93C3120090356F /* Breakpoint.app */,
			);
			name = Products;
			sourceTree = "<group>";
		};
		FE76AE2E1F93C3120090356F /* Breakpoint */ = {
			isa = PBXGroup;
			children = (
				FE76AE471F93C3D90090356F /* Services */,
				FE76AE461F93C39E0090356F /* Extensions */,
				FE76AE451F93C3930090356F /* Model */,
				FE76AE441F93C38C0090356F /* View */,
				FE76AE431F93C37C0090356F /* Controller */,
				FE76AE2F1F93C3120090356F /* AppDelegate.swift */,
				FE76AE351F93C3120090356F /* Main.storyboard */,
				FE76AE381F93C3120090356F /* Assets.xcassets */,
				FE76AE3A1F93C3120090356F /* LaunchScreen.storyboard */,
				FE76AE3D1F93C3120090356F /* Info.plist */,
				FE76AE481F93C4F10090356F /* GoogleService-Info.plist */,
			);
			path = Breakpoint;
			sourceTree = "<group>";
		};
		FE76AE431F93C37C0090356F /* Controller */ = {
			isa = PBXGroup;
			children = (
				FE76AE311F93C3120090356F /* vcFeed.swift */,
				FE76AE331F93C3120090356F /* vcGroups.swift */,
				FE290AA31F96974E0093F4E2 /* vcLogin.swift */,
				FE290AA51F9697690093F4E2 /* vcEmailSignIn.swift */,
				FE8B0C891FA5E30900D1444E /* vcMe.swift */,
				FE8B0C8B1FA5F8AF00D1444E /* vcPost.swift */,
				FECE714B1FA91232007091CE /* vcAddGroup.swift */,
			);
			path = Controller;
			sourceTree = "<group>";
		};
		FE76AE441F93C38C0090356F /* View */ = {
			isa = PBXGroup;
			children = (
				FE290AA91F969BBE0093F4E2 /* ShadowView.swift */,
				FE290AA71F96981F0093F4E2 /* InSetTextField.swift */,
				FECE71471FA629EE007091CE /* FeedCell.swift */,
				FECE714D1FA917F6007091CE /* UserCell.swift */,
				FECFD9A31FABC63100F62754 /* GroupCell.swift */,
			);
			path = View;
			sourceTree = "<group>";
		};
		FE76AE451F93C3930090356F /* Model */ = {
			isa = PBXGroup;
			children = (
				FECE71491FA62CE6007091CE /* Message.swift */,
			);
			path = Model;
			sourceTree = "<group>";
		};
		FE76AE461F93C39E0090356F /* Extensions */ = {
			isa = PBXGroup;
			children = (
				FE8B0C8D1FA5FD3A00D1444E /* extUIView.swift */,
			);
			path = Extensions;
			sourceTree = "<group>";
		};
		FE76AE471F93C3D90090356F /* Services */ = {
			isa = PBXGroup;
			children = (
				FE76AE4A1F93F0B60090356F /* DataService.swift */,
				FE290AAB1F9A9A670093F4E2 /* AuthService.swift */,
			);
			path = Services;
			sourceTree = "<group>";
		};
/* End PBXGroup section */

/* Begin PBXNativeTarget section */
		FE76AE2B1F93C3120090356F /* Breakpoint */ = {
			isa = PBXNativeTarget;
			buildConfigurationList = FE76AE401F93C3120090356F /* Build configuration list for PBXNativeTarget "Breakpoint" */;
			buildPhases = (
				41B875D671A2ACE07A5D415C /* [CP] Check Pods Manifest.lock */,
				FE76AE281F93C3120090356F /* Sources */,
				FE76AE291F93C3120090356F /* Frameworks */,
				FE76AE2A1F93C3120090356F /* Resources */,
				67B48F57A75BDE26E1D3B763 /* [CP] Embed Pods Frameworks */,
				295E7B079BB6788A4B6D45CA /* [CP] Copy Pods Resources */,
			);
			buildRules = (
			);
			dependencies = (
			);
			name = Breakpoint;
			productName = Breakpoint;
			productReference = FE76AE2C1F93C3120090356F /* Breakpoint.app */;
			productType = "com.apple.product-type.application";
		};
/* End PBXNativeTarget section */

/* Begin PBXProject section */
		FE76AE241F93C3120090356F /* Project object */ = {
			isa = PBXProject;
			attributes = {
				LastSwiftUpdateCheck = 0910;
				LastUpgradeCheck = 0910;
				ORGANIZATIONNAME = "Thomas Pickup";
				TargetAttributes = {
					FE76AE2B1F93C3120090356F = {
						CreatedOnToolsVersion = 9.1;
						ProvisioningStyle = Automatic;
					};
				};
			};
			buildConfigurationList = FE76AE271F93C3120090356F /* Build configuration list for PBXProject "Breakpoint" */;
			compatibilityVersion = "Xcode 8.0";
			developmentRegion = en;
			hasScannedForEncodings = 0;
			knownRegions = (
				en,
				Base,
			);
			mainGroup = FE76AE231F93C3120090356F;
			productRefGroup = FE76AE2D1F93C3120090356F /* Products */;
			projectDirPath = "";
			projectRoot = "";
			targets = (
				FE76AE2B1F93C3120090356F /* Breakpoint */,
			);
		};
/* End PBXProject section */

/* Begin PBXResourcesBuildPhase section */
		FE76AE2A1F93C3120090356F /* Resources */ = {
			isa = PBXResourcesBuildPhase;
			buildActionMask = 2147483647;
			files = (
				FE76AE3C1F93C3120090356F /* LaunchScreen.storyboard in Resources */,
				FE76AE491F93C4F10090356F /* GoogleService-Info.plist in Resources */,
				FE76AE391F93C3120090356F /* Assets.xcassets in Resources */,
				FE76AE371F93C3120090356F /* Main.storyboard in Resources */,
			);
			runOnlyForDeploymentPostprocessing = 0;
		};
/* End PBXResourcesBuildPhase section */

/* Begin PBXShellScriptBuildPhase section */
		295E7B079BB6788A4B6D45CA /* [CP] Copy Pods Resources */ = {
			isa = PBXShellScriptBuildPhase;
			buildActionMask = 2147483647;
			files = (
			);
			inputPaths = (
			);
			name = "[CP] Copy Pods Resources";
			outputPaths = (
			);
			runOnlyForDeploymentPostprocessing = 0;
			shellPath = /bin/sh;
			shellScript = "\"${SRCROOT}/Pods/Target Support Files/Pods-Breakpoint/Pods-Breakpoint-resources.sh\"\n";
			showEnvVarsInLog = 0;
		};
		41B875D671A2ACE07A5D415C /* [CP] Check Pods Manifest.lock */ = {
			isa = PBXShellScriptBuildPhase;
			buildActionMask = 2147483647;
			files = (
			);
			inputPaths = (
			);
			name = "[CP] Check Pods Manifest.lock";
			outputPaths = (
			);
			runOnlyForDeploymentPostprocessing = 0;
			shellPath = /bin/sh;
			shellScript = "diff \"${PODS_ROOT}/../Podfile.lock\" \"${PODS_ROOT}/Manifest.lock\" > /dev/null\nif [ $? != 0 ] ; then\n    # print error to STDERR\n    echo \"error: The sandbox is not in sync with the Podfile.lock. Run 'pod install' or update your CocoaPods installation.\" >&2\n    exit 1\nfi\n";
			showEnvVarsInLog = 0;
		};
		67B48F57A75BDE26E1D3B763 /* [CP] Embed Pods Frameworks */ = {
			isa = PBXShellScriptBuildPhase;
			buildActionMask = 2147483647;
			files = (
			);
			inputPaths = (
			);
			name = "[CP] Embed Pods Frameworks";
			outputPaths = (
			);
			runOnlyForDeploymentPostprocessing = 0;
			shellPath = /bin/sh;
			shellScript = "\"${SRCROOT}/Pods/Target Support Files/Pods-Breakpoint/Pods-Breakpoint-frameworks.sh\"\n";
			showEnvVarsInLog = 0;
		};
/* End PBXShellScriptBuildPhase section */

/* Begin PBXSourcesBuildPhase section */
		FE76AE281F93C3120090356F /* Sources */ = {
			isa = PBXSourcesBuildPhase;
			buildActionMask = 2147483647;
			files = (
				FE76AE341F93C3120090356F /* vcGroups.swift in Sources */,
				FECE71481FA629EE007091CE /* FeedCell.swift in Sources */,
				FE290AA81F96981F0093F4E2 /* InSetTextField.swift in Sources */,
				FECFD9A41FABC63100F62754 /* GroupCell.swift in Sources */,
				FE76AE301F93C3120090356F /* AppDelegate.swift in Sources */,
				FE290AAC1F9A9A670093F4E2 /* AuthService.swift in Sources */,
				FE8B0C8E1FA5FD3A00D1444E /* extUIView.swift in Sources */,
				FE290AA41F96974E0093F4E2 /* vcLogin.swift in Sources */,
				FE290AAA1F969BBE0093F4E2 /* ShadowView.swift in Sources */,
				FECE714E1FA917F6007091CE /* UserCell.swift in Sources */,
				FECE714C1FA91232007091CE /* vcAddGroup.swift in Sources */,
				FE76AE321F93C3120090356F /* vcFeed.swift in Sources */,
				FE76AE4B1F93F0B60090356F /* DataService.swift in Sources */,
				FE8B0C8C1FA5F8AF00D1444E /* vcPost.swift in Sources */,
				FE8B0C8A1FA5E30900D1444E /* vcMe.swift in Sources */,
				FE290AA61F9697690093F4E2 /* vcEmailSignIn.swift in Sources */,
				FECE714A1FA62CE6007091CE /* Message.swift in Sources */,
			);
			runOnlyForDeploymentPostprocessing = 0;
		};
/* End PBXSourcesBuildPhase section */

/* Begin PBXVariantGroup section */
		FE76AE351F93C3120090356F /* Main.storyboard */ = {
			isa = PBXVariantGroup;
			children = (
				FE76AE361F93C3120090356F /* Base */,
			);
			name = Main.storyboard;
			sourceTree = "<group>";
		};
		FE76AE3A1F93C3120090356F /* LaunchScreen.storyboard */ = {
			isa = PBXVariantGroup;
			children = (
				FE76AE3B1F93C3120090356F /* Base */,
			);
			name = LaunchScreen.storyboard;
			sourceTree = "<group>";
		};
/* End PBXVariantGroup section */

/* Begin XCBuildConfiguration section */
		FE76AE3E1F93C3120090356F /* Debug */ = {
			isa = XCBuildConfiguration;
			buildSettings = {
				ALWAYS_SEARCH_USER_PATHS = NO;
				CLANG_ANALYZER_NONNULL = YES;
				CLANG_ANALYZER_NUMBER_OBJECT_CONVERSION = YES_AGGRESSIVE;
				CLANG_CXX_LANGUAGE_STANDARD = "gnu++14";
				CLANG_CXX_LIBRARY = "libc++";
				CLANG_ENABLE_MODULES = YES;
				CLANG_ENABLE_OBJC_ARC = YES;
				CLANG_WARN_BLOCK_CAPTURE_AUTORELEASING = YES;
				CLANG_WARN_BOOL_CONVERSION = YES;
				CLANG_WARN_COMMA = YES;
				CLANG_WARN_CONSTANT_CONVERSION = YES;
				CLANG_WARN_DIRECT_OBJC_ISA_USAGE = YES_ERROR;
				CLANG_WARN_DOCUMENTATION_COMMENTS = YES;
				CLANG_WARN_EMPTY_BODY = YES;
				CLANG_WARN_ENUM_CONVERSION = YES;
				CLANG_WARN_INFINITE_RECURSION = YES;
				CLANG_WARN_INT_CONVERSION = YES;
				CLANG_WARN_NON_LITERAL_NULL_CONVERSION = YES;
				CLANG_WARN_OBJC_LITERAL_CONVERSION = YES;
				CLANG_WARN_OBJC_ROOT_CLASS = YES_ERROR;
				CLANG_WARN_RANGE_LOOP_ANALYSIS = YES;
				CLANG_WARN_STRICT_PROTOTYPES = YES;
				CLANG_WARN_SUSPICIOUS_MOVE = YES;
				CLANG_WARN_UNGUARDED_AVAILABILITY = YES_AGGRESSIVE;
				CLANG_WARN_UNREACHABLE_CODE = YES;
				CLANG_WARN__DUPLICATE_METHOD_MATCH = YES;
				CODE_SIGN_IDENTITY = "iPhone Developer";
				COPY_PHASE_STRIP = NO;
				DEBUG_INFORMATION_FORMAT = dwarf;
				ENABLE_STRICT_OBJC_MSGSEND = YES;
				ENABLE_TESTABILITY = YES;
				GCC_C_LANGUAGE_STANDARD = gnu11;
				GCC_DYNAMIC_NO_PIC = NO;
				GCC_NO_COMMON_BLOCKS = YES;
				GCC_OPTIMIZATION_LEVEL = 0;
				GCC_PREPROCESSOR_DEFINITIONS = (
					"DEBUG=1",
					"$(inherited)",
				);
				GCC_WARN_64_TO_32_BIT_CONVERSION = YES;
				GCC_WARN_ABOUT_RETURN_TYPE = YES_ERROR;
				GCC_WARN_UNDECLARED_SELECTOR = YES;
				GCC_WARN_UNINITIALIZED_AUTOS = YES_AGGRESSIVE;
				GCC_WARN_UNUSED_FUNCTION = YES;
				GCC_WARN_UNUSED_VARIABLE = YES;
				IPHONEOS_DEPLOYMENT_TARGET = 11.1;
				MTL_ENABLE_DEBUG_INFO = YES;
				ONLY_ACTIVE_ARCH = YES;
				SDKROOT = iphoneos;
				SWIFT_ACTIVE_COMPILATION_CONDITIONS = DEBUG;
				SWIFT_OPTIMIZATION_LEVEL = "-Onone";
			};
			name = Debug;
		};
		FE76AE3F1F93C3120090356F /* Release */ = {
			isa = XCBuildConfiguration;
			buildSettings = {
				ALWAYS_SEARCH_USER_PATHS = NO;
				CLANG_ANALYZER_NONNULL = YES;
				CLANG_ANALYZER_NUMBER_OBJECT_CONVERSION = YES_AGGRESSIVE;
				CLANG_CXX_LANGUAGE_STANDARD = "gnu++14";
				CLANG_CXX_LIBRARY = "libc++";
				CLANG_ENABLE_MODULES = YES;
				CLANG_ENABLE_OBJC_ARC = YES;
				CLANG_WARN_BLOCK_CAPTURE_AUTORELEASING = YES;
				CLANG_WARN_BOOL_CONVERSION = YES;
				CLANG_WARN_COMMA = YES;
				CLANG_WARN_CONSTANT_CONVERSION = YES;
				CLANG_WARN_DIRECT_OBJC_ISA_USAGE = YES_ERROR;
				CLANG_WARN_DOCUMENTATION_COMMENTS = YES;
				CLANG_WARN_EMPTY_BODY = YES;
				CLANG_WARN_ENUM_CONVERSION = YES;
				CLANG_WARN_INFINITE_RECURSION = YES;
				CLANG_WARN_INT_CONVERSION = YES;
				CLANG_WARN_NON_LITERAL_NULL_CONVERSION = YES;
				CLANG_WARN_OBJC_LITERAL_CONVERSION = YES;
				CLANG_WARN_OBJC_ROOT_CLASS = YES_ERROR;
				CLANG_WARN_RANGE_LOOP_ANALYSIS = YES;
				CLANG_WARN_STRICT_PROTOTYPES = YES;
				CLANG_WARN_SUSPICIOUS_MOVE = YES;
				CLANG_WARN_UNGUARDED_AVAILABILITY = YES_AGGRESSIVE;
				CLANG_WARN_UNREACHABLE_CODE = YES;
				CLANG_WARN__DUPLICATE_METHOD_MATCH = YES;
				CODE_SIGN_IDENTITY = "iPhone Developer";
				COPY_PHASE_STRIP = NO;
				DEBUG_INFORMATION_FORMAT = "dwarf-with-dsym";
				ENABLE_NS_ASSERTIONS = NO;
				ENABLE_STRICT_OBJC_MSGSEND = YES;
				GCC_C_LANGUAGE_STANDARD = gnu11;
				GCC_NO_COMMON_BLOCKS = YES;
				GCC_WARN_64_TO_32_BIT_CONVERSION = YES;
				GCC_WARN_ABOUT_RETURN_TYPE = YES_ERROR;
				GCC_WARN_UNDECLARED_SELECTOR = YES;
				GCC_WARN_UNINITIALIZED_AUTOS = YES_AGGRESSIVE;
				GCC_WARN_UNUSED_FUNCTION = YES;
				GCC_WARN_UNUSED_VARIABLE = YES;
				IPHONEOS_DEPLOYMENT_TARGET = 11.1;
				MTL_ENABLE_DEBUG_INFO = NO;
				SDKROOT = iphoneos;
				SWIFT_OPTIMIZATION_LEVEL = "-Owholemodule";
				VALIDATE_PRODUCT = YES;
			};
			name = Release;
		};
		FE76AE411F93C3120090356F /* Debug */ = {
			isa = XCBuildConfiguration;
			baseConfigurationReference = A7251A16C656E3D07E7304B1 /* Pods-Breakpoint.debug.xcconfig */;
			buildSettings = {
				ASSETCATALOG_COMPILER_APPICON_NAME = AppIcon;
				CODE_SIGN_STYLE = Automatic;
				DEVELOPMENT_TEAM = VEG7S4WYT5;
				INFOPLIST_FILE = Breakpoint/Info.plist;
				LD_RUNPATH_SEARCH_PATHS = "$(inherited) @executable_path/Frameworks";
				PRODUCT_BUNDLE_IDENTIFIER = uk.co.thomaspickup.Breakpoint;
				PRODUCT_NAME = "$(TARGET_NAME)";
				SWIFT_VERSION = 4.0;
				TARGETED_DEVICE_FAMILY = "1,2";
			};
			name = Debug;
		};
		FE76AE421F93C3120090356F /* Release */ = {
			isa = XCBuildConfiguration;
			baseConfigurationReference = C38C122C74A5AFDBFB42070C /* Pods-Breakpoint.release.xcconfig */;
			buildSettings = {
				ASSETCATALOG_COMPILER_APPICON_NAME = AppIcon;
				CODE_SIGN_STYLE = Automatic;
				DEVELOPMENT_TEAM = VEG7S4WYT5;
				INFOPLIST_FILE = Breakpoint/Info.plist;
				LD_RUNPATH_SEARCH_PATHS = "$(inherited) @executable_path/Frameworks";
				PRODUCT_BUNDLE_IDENTIFIER = uk.co.thomaspickup.Breakpoint;
				PRODUCT_NAME = "$(TARGET_NAME)";
				SWIFT_VERSION = 4.0;
				TARGETED_DEVICE_FAMILY = "1,2";
			};
			name = Release;
		};
/* End XCBuildConfiguration section */

/* Begin XCConfigurationList section */
		FE76AE271F93C3120090356F /* Build configuration list for PBXProject "Breakpoint" */ = {
			isa = XCConfigurationList;
			buildConfigurations = (
				FE76AE3E1F93C3120090356F /* Debug */,
				FE76AE3F1F93C3120090356F /* Release */,
			);
			defaultConfigurationIsVisible = 0;
			defaultConfigurationName = Release;
		};
		FE76AE401F93C3120090356F /* Build configuration list for PBXNativeTarget "Breakpoint" */ = {
			isa = XCConfigurationList;
			buildConfigurations = (
				FE76AE411F93C3120090356F /* Debug */,
				FE76AE421F93C3120090356F /* Release */,
			);
			defaultConfigurationIsVisible = 0;
			defaultConfigurationName = Release;
		};
/* End XCConfigurationList section */
	};
	rootObject = FE76AE241F93C3120090356F /* Project object */;
}
