// !$*UTF8*$!
{
	archiveVersion = 1;
	classes = {
	};
	objectVersion = 48;
	objects = {

/* Begin PBXBuildFile section */
		FE76AE301F93C3120090356F /* AppDelegate.swift in Sources */ = {isa = PBXBuildFile; fileRef = FE76AE2F1F93C3120090356F /* AppDelegate.swift */; };
		FE76AE321F93C3120090356F /* FirstViewController.swift in Sources */ = {isa = PBXBuildFile; fileRef = FE76AE311F93C3120090356F /* FirstViewController.swift */; };
		FE76AE341F93C3120090356F /* SecondViewController.swift in Sources */ = {isa = PBXBuildFile; fileRef = FE76AE331F93C3120090356F /* SecondViewController.swift */; };
		FE76AE371F93C3120090356F /* Main.storyboard in Resources */ = {isa = PBXBuildFile; fileRef = FE76AE351F93C3120090356F /* Main.storyboard */; };
		FE76AE391F93C3120090356F /* Assets.xcassets in Resources */ = {isa = PBXBuildFile; fileRef = FE76AE381F93C3120090356F /* Assets.xcassets */; };
		FE76AE3C1F93C3120090356F /* LaunchScreen.storyboard in Resources */ = {isa = PBXBuildFile; fileRef = FE76AE3A1F93C3120090356F /* LaunchScreen.storyboard */; };
/* End PBXBuildFile section */

/* Begin PBXFileReference section */
		FE76AE2C1F93C3120090356F /* Breakpoint.app */ = {isa = PBXFileReference; explicitFileType = wrapper.application; includeInIndex = 0; path = Breakpoint.app; sourceTree = BUILT_PRODUCTS_DIR; };
		FE76AE2F1F93C3120090356F /* AppDelegate.swift */ = {isa = PBXFileReference; lastKnownFileType = sourcecode.swift; path = AppDelegate.swift; sourceTree = "<group>"; };
		FE76AE311F93C3120090356F /* FirstViewController.swift */ = {isa = PBXFileReference; lastKnownFileType = sourcecode.swift; path = FirstViewController.swift; sourceTree = "<group>"; };
		FE76AE331F93C3120090356F /* SecondViewController.swift */ = {isa = PBXFileReference; lastKnownFileType = sourcecode.swift; path = SecondViewController.swift; sourceTree = "<group>"; };
		FE76AE361F93C3120090356F /* Base */ = {isa = PBXFileReference; lastKnownFileType = file.storyboard; name = Base; path = Base.lproj/Main.storyboard; sourceTree = "<group>"; };
		FE76AE381F93C3120090356F /* Assets.xcassets */ = {isa = PBXFileReference; lastKnownFileType = folder.assetcatalog; path = Assets.xcassets; sourceTree = "<group>"; };
		FE76AE3B1F93C3120090356F /* Base */ = {isa = PBXFileReference; lastKnownFileType = file.storyboard; name = Base; path = Base.lproj/LaunchScreen.storyboard; sourceTree = "<group>"; };
		FE76AE3D1F93C3120090356F /* Info.plist */ = {isa = PBXFileReference; lastKnownFileType = text.plist.xml; path = Info.plist; sourceTree = "<group>"; };
/* End PBXFileReference section */

/* Begin PBXFrameworksBuildPhase section */
		FE76AE291F93C3120090356F /* Frameworks */ = {
			isa = PBXFrameworksBuildPhase;
			buildActionMask = 2147483647;
			files = (
			);
			runOnlyForDeploymentPostprocessing = 0;
		};
/* End PBXFrameworksBuildPhase section */

/* Begin PBXGroup section */
		FE76AE231F93C3120090356F = {
			isa = PBXGroup;
			children = (
				FE76AE2E1F93C3120090356F /* Breakpoint */,
				FE76AE2D1F93C3120090356F /* Products */,
			);
			sourceTree = "<group>";
		};
		FE76AE2D1F93C3120090356F /* Products */ = {
			isa = PBXGroup;
			children = (
				FE76AE2C1F93C3120090356F /* Breakpoint.app */,
			);
			name = Products;
			sourceTree = "<group>";
		};
		FE76AE2E1F93C3120090356F /* Breakpoint */ = {
			isa = PBXGroup;
			children = (
				FE76AE2F1F93C3120090356F /* AppDelegate.swift */,
				FE76AE311F93C3120090356F /* FirstViewController.swift */,
				FE76AE331F93C3120090356F /* SecondViewController.swift */,
				FE76AE351F93C3120090356F /* Main.storyboard */,
				FE76AE381F93C3120090356F /* Assets.xcassets */,
				FE76AE3A1F93C3120090356F /* LaunchScreen.storyboard */,
				FE76AE3D1F93C3120090356F /* Info.plist */,
			);
			path = Breakpoint;
			sourceTree = "<group>";
		};
/* End PBXGroup section */

/* Begin PBXNativeTarget section */
		FE76AE2B1F93C3120090356F /* Breakpoint */ = {
			isa = PBXNativeTarget;
			buildConfigurationList = FE76AE401F93C3120090356F /* Build configuration list for PBXNativeTarget "Breakpoint" */;
			buildPhases = (
				FE76AE281F93C3120090356F /* Sources */,
				FE76AE291F93C3120090356F /* Frameworks */,
				FE76AE2A1F93C3120090356F /* Resources */,
			);
			buildRules = (
			);
			dependencies = (
			);
			name = Breakpoint;
			productName = Breakpoint;
			productReference = FE76AE2C1F93C3120090356F /* Breakpoint.app */;
			productType = "com.apple.product-type.application";
		};
/* End PBXNativeTarget section */

/* Begin PBXProject section */
		FE76AE241F93C3120090356F /* Project object */ = {
			isa = PBXProject;
			attributes = {
				LastSwiftUpdateCheck = 0910;
				LastUpgradeCheck = 0910;
				ORGANIZATIONNAME = "Thomas Pickup";
				TargetAttributes = {
					FE76AE2B1F93C3120090356F = {
						CreatedOnToolsVersion = 9.1;
						ProvisioningStyle = Automatic;
					};
				};
			};
			buildConfigurationList = FE76AE271F93C3120090356F /* Build configuration list for PBXProject "Breakpoint" */;
			compatibilityVersion = "Xcode 8.0";
			developmentRegion = en;
			hasScannedForEncodings = 0;
			knownRegions = (
				en,
				Base,
			);
			mainGroup = FE76AE231F93C3120090356F;
			productRefGroup = FE76AE2D1F93C3120090356F /* Products */;
			projectDirPath = "";
			projectRoot = "";
			targets = (
				FE76AE2B1F93C3120090356F /* Breakpoint */,
			);
		};
/* End PBXProject section */

/* Begin PBXResourcesBuildPhase section */
		FE76AE2A1F93C3120090356F /* Resources */ = {
			isa = PBXResourcesBuildPhase;
			buildActionMask = 2147483647;
			files = (
				FE76AE3C1F93C3120090356F /* LaunchScreen.storyboard in Resources */,
				FE76AE391F93C3120090356F /* Assets.xcassets in Resources */,
				FE76AE371F93C3120090356F /* Main.storyboard in Resources */,
			);
			runOnlyForDeploymentPostprocessing = 0;
		};
/* End PBXResourcesBuildPhase section */

/* Begin PBXSourcesBuildPhase section */
		FE76AE281F93C3120090356F /* Sources */ = {
			isa = PBXSourcesBuildPhase;
			buildActionMask = 2147483647;
			files = (
				FE76AE341F93C3120090356F /* SecondViewController.swift in Sources */,
				FE76AE301F93C3120090356F /* AppDelegate.swift in Sources */,
				FE76AE321F93C3120090356F /* FirstViewController.swift in Sources */,
			);
			runOnlyForDeploymentPostprocessing = 0;
		};
/* End PBXSourcesBuildPhase section */

/* Begin PBXVariantGroup section */
		FE76AE351F93C3120090356F /* Main.storyboard */ = {
			isa = PBXVariantGroup;
			children = (
				FE76AE361F93C3120090356F /* Base */,
			);
			name = Main.storyboard;
			sourceTree = "<group>";
		};
		FE76AE3A1F93C3120090356F /* LaunchScreen.storyboard */ = {
			isa = PBXVariantGroup;
			children = (
				FE76AE3B1F93C3120090356F /* Base */,
			);
			name = LaunchScreen.storyboard;
			sourceTree = "<group>";
		};
/* End PBXVariantGroup section */

/* Begin XCBuildConfiguration section */
		FE76AE3E1F93C3120090356F /* Debug */ = {
			isa = XCBuildConfiguration;
			buildSettings = {
				ALWAYS_SEARCH_USER_PATHS = NO;
				CLANG_ANALYZER_NONNULL = YES;
				CLANG_ANALYZER_NUMBER_OBJECT_CONVERSION = YES_AGGRESSIVE;
				CLANG_CXX_LANGUAGE_STANDARD = "gnu++14";
				CLANG_CXX_LIBRARY = "libc++";
				CLANG_ENABLE_MODULES = YES;
				CLANG_ENABLE_OBJC_ARC = YES;
				CLANG_WARN_BLOCK_CAPTURE_AUTORELEASING = YES;
				CLANG_WARN_BOOL_CONVERSION = YES;
				CLANG_WARN_COMMA = YES;
				CLANG_WARN_CONSTANT_CONVERSION = YES;
				CLANG_WARN_DIRECT_OBJC_ISA_USAGE = YES_ERROR;
				CLANG_WARN_DOCUMENTATION_COMMENTS = YES;
				CLANG_WARN_EMPTY_BODY = YES;
				CLANG_WARN_ENUM_CONVERSION = YES;
				CLANG_WARN_INFINITE_RECURSION = YES;
				CLANG_WARN_INT_CONVERSION = YES;
				CLANG_WARN_NON_LITERAL_NULL_CONVERSION = YES;
				CLANG_WARN_OBJC_LITERAL_CONVERSION = YES;
				CLANG_WARN_OBJC_ROOT_CLASS = YES_ERROR;
				CLANG_WARN_RANGE_LOOP_ANALYSIS = YES;
				CLANG_WARN_STRICT_PROTOTYPES = YES;
				CLANG_WARN_SUSPICIOUS_MOVE = YES;
				CLANG_WARN_UNGUARDED_AVAILABILITY = YES_AGGRESSIVE;
				CLANG_WARN_UNREACHABLE_CODE = YES;
				CLANG_WARN__DUPLICATE_METHOD_MATCH = YES;
				CODE_SIGN_IDENTITY = "iPhone Developer";
				COPY_PHASE_STRIP = NO;
				DEBUG_INFORMATION_FORMAT = dwarf;
				ENABLE_STRICT_OBJC_MSGSEND = YES;
				ENABLE_TESTABILITY = YES;
				GCC_C_LANGUAGE_STANDARD = gnu11;
				GCC_DYNAMIC_NO_PIC = NO;
				GCC_NO_COMMON_BLOCKS = YES;
				GCC_OPTIMIZATION_LEVEL = 0;
				GCC_PREPROCESSOR_DEFINITIONS = (
					"DEBUG=1",
					"$(inherited)",
				);
				GCC_WARN_64_TO_32_BIT_CONVERSION = YES;
				GCC_WARN_ABOUT_RETURN_TYPE = YES_ERROR;
				GCC_WARN_UNDECLARED_SELECTOR = YES;
				GCC_WARN_UNINITIALIZED_AUTOS = YES_AGGRESSIVE;
				GCC_WARN_UNUSED_FUNCTION = YES;
				GCC_WARN_UNUSED_VARIABLE = YES;
				IPHONEOS_DEPLOYMENT_TARGET = 11.1;
				MTL_ENABLE_DEBUG_INFO = YES;
				ONLY_ACTIVE_ARCH = YES;
				SDKROOT = iphoneos;
				SWIFT_ACTIVE_COMPILATION_CONDITIONS = DEBUG;
				SWIFT_OPTIMIZATION_LEVEL = "-Onone";
			};
			name = Debug;
		};
		FE76AE3F1F93C3120090356F /* Release */ = {
			isa = XCBuildConfiguration;
			buildSettings = {
				ALWAYS_SEARCH_USER_PATHS = NO;
				CLANG_ANALYZER_NONNULL = YES;
				CLANG_ANALYZER_NUMBER_OBJECT_CONVERSION = YES_AGGRESSIVE;
				CLANG_CXX_LANGUAGE_STANDARD = "gnu++14";
				CLANG_CXX_LIBRARY = "libc++";
				CLANG_ENABLE_MODULES = YES;
				CLANG_ENABLE_OBJC_ARC = YES;
				CLANG_WARN_BLOCK_CAPTURE_AUTORELEASING = YES;
				CLANG_WARN_BOOL_CONVERSION = YES;
				CLANG_WARN_COMMA = YES;
				CLANG_WARN_CONSTANT_CONVERSION = YES;
				CLANG_WARN_DIRECT_OBJC_ISA_USAGE = YES_ERROR;
				CLANG_WARN_DOCUMENTATION_COMMENTS = YES;
				CLANG_WARN_EMPTY_BODY = YES;
				CLANG_WARN_ENUM_CONVERSION = YES;
				CLANG_WARN_INFINITE_RECURSION = YES;
				CLANG_WARN_INT_CONVERSION = YES;
				CLANG_WARN_NON_LITERAL_NULL_CONVERSION = YES;
				CLANG_WARN_OBJC_LITERAL_CONVERSION = YES;
				CLANG_WARN_OBJC_ROOT_CLASS = YES_ERROR;
				CLANG_WARN_RANGE_LOOP_ANALYSIS = YES;
				CLANG_WARN_STRICT_PROTOTYPES = YES;
				CLANG_WARN_SUSPICIOUS_MOVE = YES;
				CLANG_WARN_UNGUARDED_AVAILABILITY = YES_AGGRESSIVE;
				CLANG_WARN_UNREACHABLE_CODE = YES;
				CLANG_WARN__DUPLICATE_METHOD_MATCH = YES;
				CODE_SIGN_IDENTITY = "iPhone Developer";
				COPY_PHASE_STRIP = NO;
				DEBUG_INFORMATION_FORMAT = "dwarf-with-dsym";
				ENABLE_NS_ASSERTIONS = NO;
				ENABLE_STRICT_OBJC_MSGSEND = YES;
				GCC_C_LANGUAGE_STANDARD = gnu11;
				GCC_NO_COMMON_BLOCKS = YES;
				GCC_WARN_64_TO_32_BIT_CONVERSION = YES;
				GCC_WARN_ABOUT_RETURN_TYPE = YES_ERROR;
				GCC_WARN_UNDECLARED_SELECTOR = YES;
				GCC_WARN_UNINITIALIZED_AUTOS = YES_AGGRESSIVE;
				GCC_WARN_UNUSED_FUNCTION = YES;
				GCC_WARN_UNUSED_VARIABLE = YES;
				IPHONEOS_DEPLOYMENT_TARGET = 11.1;
				MTL_ENABLE_DEBUG_INFO = NO;
				SDKROOT = iphoneos;
				SWIFT_OPTIMIZATION_LEVEL = "-Owholemodule";
				VALIDATE_PRODUCT = YES;
			};
			name = Release;
		};
		FE76AE411F93C3120090356F /* Debug */ = {
			isa = XCBuildConfiguration;
			buildSettings = {
				ASSETCATALOG_COMPILER_APPICON_NAME = AppIcon;
				CODE_SIGN_STYLE = Automatic;
				DEVELOPMENT_TEAM = VEG7S4WYT5;
				INFOPLIST_FILE = Breakpoint/Info.plist;
				LD_RUNPATH_SEARCH_PATHS = "$(inherited) @executable_path/Frameworks";
				PRODUCT_BUNDLE_IDENTIFIER = uk.co.thomaspickup.Breakpoint;
				PRODUCT_NAME = "$(TARGET_NAME)";
				SWIFT_VERSION = 4.0;
				TARGETED_DEVICE_FAMILY = "1,2";
			};
			name = Debug;
		};
		FE76AE421F93C3120090356F /* Release */ = {
			isa = XCBuildConfiguration;
			buildSettings = {
				ASSETCATALOG_COMPILER_APPICON_NAME = AppIcon;
				CODE_SIGN_STYLE = Automatic;
				DEVELOPMENT_TEAM = VEG7S4WYT5;
				INFOPLIST_FILE = Breakpoint/Info.plist;
				LD_RUNPATH_SEARCH_PATHS = "$(inherited) @executable_path/Frameworks";
				PRODUCT_BUNDLE_IDENTIFIER = uk.co.thomaspickup.Breakpoint;
				PRODUCT_NAME = "$(TARGET_NAME)";
				SWIFT_VERSION = 4.0;
				TARGETED_DEVICE_FAMILY = "1,2";
			};
			name = Release;
		};
/* End XCBuildConfiguration section */

/* Begin XCConfigurationList section */
		FE76AE271F93C3120090356F /* Build configuration list for PBXProject "Breakpoint" */ = {
			isa = XCConfigurationList;
			buildConfigurations = (
				FE76AE3E1F93C3120090356F /* Debug */,
				FE76AE3F1F93C3120090356F /* Release */,
			);
			defaultConfigurationIsVisible = 0;
			defaultConfigurationName = Release;
		};
		FE76AE401F93C3120090356F /* Build configuration list for PBXNativeTarget "Breakpoint" */ = {
			isa = XCConfigurationList;
			buildConfigurations = (
				FE76AE411F93C3120090356F /* Debug */,
				FE76AE421F93C3120090356F /* Release */,
			);
			defaultConfigurationIsVisible = 0;
			defaultConfigurationName = Release;
		};
/* End XCConfigurationList section */
	};
	rootObject = FE76AE241F93C3120090356F /* Project object */;
}
